
Microsoft Visual Studio Solution File, Format Version 12.00
# Visual Studio Version 16
VisualStudioVersion = 16.0.30621.155
MinimumVisualStudioVersion = 10.0.40219.1
Project("{9A19103F-16F7-4668-BE54-9A1E7A4F7556}") = "SyncSentinel", "SyncSentinel\SyncSentinel.csproj", "{4DEBCED6-2F4D-424C-A93E-DADD26B51B18}"
EndProject
Project("{9A19103F-16F7-4668-BE54-9A1E7A4F7556}") = "SentinelAPIClient", "SentinelAPIClient\SentinelAPIClient.csproj", "{F4BA32A8-C368-4FD6-8B7F-B2B0489633B7}"
EndProject
Project("{9A19103F-16F7-4668-BE54-9A1E7A4F7556}") = "ScheduledAlertRule", "ScheduledAlertRule\ScheduledAlertRule.csproj", "{12BFD6DD-266D-4236-9BC5-1A2A9176DE44}"
EndProject
Project("{FAE04EC0-301F-11D3-BF4B-00C04F79EFBC}") = "RulesImporter", "RulesImporter\RulesImporter.csproj", "{E5D94CB8-59F7-41D7-8181-35123C77C09B}"
EndProject
Project("{FAE04EC0-301F-11D3-BF4B-00C04F79EFBC}") = "SentinelYAMLRule", "SentinelYAMLRule\SentinelYAMLRule.csproj", "{25B190FF-9D18-4A73-885E-3D5100104582}"
EndProject
Project("{FAE04EC0-301F-11D3-BF4B-00C04F79EFBC}") = "YAMLImporterTester", "YAMLImporterTester\YAMLImporterTester.csproj", "{9C54939E-E775-4586-A00D-BBDDCC4EEF92}"
EndProject
Project("{FAE04EC0-301F-11D3-BF4B-00C04F79EFBC}") = "ExcelReader2", "ExcelReader2\ExcelReader2.csproj", "{C800F81A-554B-43CD-A9F0-66DBC78BA7AF}"
EndProject
Global
	GlobalSection(SolutionConfigurationPlatforms) = preSolution
		Debug|Any CPU = Debug|Any CPU
		Release|Any CPU = Release|Any CPU
	EndGlobalSection
	GlobalSection(ProjectConfigurationPlatforms) = postSolution
		{4DEBCED6-2F4D-424C-A93E-DADD26B51B18}.Debug|Any CPU.ActiveCfg = Debug|Any CPU
		{4DEBCED6-2F4D-424C-A93E-DADD26B51B18}.Debug|Any CPU.Build.0 = Debug|Any CPU
		{4DEBCED6-2F4D-424C-A93E-DADD26B51B18}.Release|Any CPU.ActiveCfg = Release|Any CPU
		{4DEBCED6-2F4D-424C-A93E-DADD26B51B18}.Release|Any CPU.Build.0 = Release|Any CPU
		{F4BA32A8-C368-4FD6-8B7F-B2B0489633B7}.Debug|Any CPU.ActiveCfg = Debug|Any CPU
		{F4BA32A8-C368-4FD6-8B7F-B2B0489633B7}.Debug|Any CPU.Build.0 = Debug|Any CPU
		{F4BA32A8-C368-4FD6-8B7F-B2B0489633B7}.Release|Any CPU.ActiveCfg = Release|Any CPU
		{F4BA32A8-C368-4FD6-8B7F-B2B0489633B7}.Release|Any CPU.Build.0 = Release|Any CPU
		{12BFD6DD-266D-4236-9BC5-1A2A9176DE44}.Debug|Any CPU.ActiveCfg = Debug|Any CPU
		{12BFD6DD-266D-4236-9BC5-1A2A9176DE44}.Debug|Any CPU.Build.0 = Debug|Any CPU
		{12BFD6DD-266D-4236-9BC5-1A2A9176DE44}.Release|Any CPU.ActiveCfg = Release|Any CPU
		{12BFD6DD-266D-4236-9BC5-1A2A9176DE44}.Release|Any CPU.Build.0 = Release|Any CPU
		{E5D94CB8-59F7-41D7-8181-35123C77C09B}.Debug|Any CPU.ActiveCfg = Debug|Any CPU
		{E5D94CB8-59F7-41D7-8181-35123C77C09B}.Debug|Any CPU.Build.0 = Debug|Any CPU
		{E5D94CB8-59F7-41D7-8181-35123C77C09B}.Release|Any CPU.ActiveCfg = Release|Any CPU
		{E5D94CB8-59F7-41D7-8181-35123C77C09B}.Release|Any CPU.Build.0 = Release|Any CPU
		{25B190FF-9D18-4A73-885E-3D5100104582}.Debug|Any CPU.ActiveCfg = Debug|Any CPU
		{25B190FF-9D18-4A73-885E-3D5100104582}.Debug|Any CPU.Build.0 = Debug|Any CPU
		{25B190FF-9D18-4A73-885E-3D5100104582}.Release|Any CPU.ActiveCfg = Release|Any CPU
		{25B190FF-9D18-4A73-885E-3D5100104582}.Release|Any CPU.Build.0 = Release|Any CPU
		{9C54939E-E775-4586-A00D-BBDDCC4EEF92}.Debug|Any CPU.ActiveCfg = Debug|Any CPU
		{9C54939E-E775-4586-A00D-BBDDCC4EEF92}.Debug|Any CPU.Build.0 = Debug|Any CPU
		{9C54939E-E775-4586-A00D-BBDDCC4EEF92}.Release|Any CPU.ActiveCfg = Release|Any CPU
		{9C54939E-E775-4586-A00D-BBDDCC4EEF92}.Release|Any CPU.Build.0 = Release|Any CPU
		{C800F81A-554B-43CD-A9F0-66DBC78BA7AF}.Debug|Any CPU.ActiveCfg = Debug|Any CPU
		{C800F81A-554B-43CD-A9F0-66DBC78BA7AF}.Debug|Any CPU.Build.0 = Debug|Any CPU
		{C800F81A-554B-43CD-A9F0-66DBC78BA7AF}.Release|Any CPU.ActiveCfg = Release|Any CPU
		{C800F81A-554B-43CD-A9F0-66DBC78BA7AF}.Release|Any CPU.Build.0 = Release|Any CPU
	EndGlobalSection
	GlobalSection(SolutionProperties) = preSolution
		HideSolutionNode = FALSE
	EndGlobalSection
	GlobalSection(ExtensibilityGlobals) = postSolution
		SolutionGuid = {FF088EF6-4842-49A9-A23A-EAADC3A12CE6}
	EndGlobalSection
EndGlobal
